
Microsoft Visual Studio Solution File, Format Version 12.00
# Visual Studio Version 17
VisualStudioVersion = 17.0.32112.339
MinimumVisualStudioVersion = 10.0.40219.1
Project("{FAE04EC0-301F-11D3-BF4B-00C04F79EFBC}") = "MatrizNomes", "MatrizNomes\MatrizNomes.csproj", "{8D57CDD8-0EDC-4946-85D5-26C686D73A00}"
EndProject
Global
	GlobalSection(SolutionConfigurationPlatforms) = preSolution
		Debug|Any CPU = Debug|Any CPU
		Release|Any CPU = Release|Any CPU
	EndGlobalSection
	GlobalSection(ProjectConfigurationPlatforms) = postSolution
		{8D57CDD8-0EDC-4946-85D5-26C686D73A00}.Debug|Any CPU.ActiveCfg = Debug|Any CPU
		{8D57CDD8-0EDC-4946-85D5-26C686D73A00}.Debug|Any CPU.Build.0 = Debug|Any CPU
		{8D57CDD8-0EDC-4946-85D5-26C686D73A00}.Release|Any CPU.ActiveCfg = Release|Any CPU
		{8D57CDD8-0EDC-4946-85D5-26C686D73A00}.Release|Any CPU.Build.0 = Release|Any CPU
	EndGlobalSection
	GlobalSection(SolutionProperties) = preSolution
		HideSolutionNode = FALSE
	EndGlobalSection
	GlobalSection(ExtensibilityGlobals) = postSolution
		SolutionGuid = {A66ACF99-EE37-46D4-A714-A80DF81CAC84}
	EndGlobalSection
EndGlobal
